
Microsoft Visual Studio Solution File, Format Version 12.00
# Visual Studio Version 17
VisualStudioVersion = 17.7.34003.232
MinimumVisualStudioVersion = 10.0.40219.1
Project("{9A19103F-16F7-4668-BE54-9A1E7A4F7556}") = "KampIntro", "KampIntro\KampIntro.csproj", "{AAF5079B-F9F9-4C7E-9555-270931AAC9FF}"
EndProject
Project("{9A19103F-16F7-4668-BE54-9A1E7A4F7556}") = "Donguler", "Donguler\Donguler.csproj", "{F9F721F0-4625-48C1-A6C2-EE03C607DF0A}"
EndProject
Project("{9A19103F-16F7-4668-BE54-9A1E7A4F7556}") = "ClassIntro", "ClassIntro\ClassIntro.csproj", "{C45EBE7C-9956-4B75-AF6F-CD59EC13D373}"
EndProject
Project("{9A19103F-16F7-4668-BE54-9A1E7A4F7556}") = "Class", "Odev1\Class.csproj", "{BC5464F4-57D5-49F6-8264-16DCF41E4785}"
EndProject
Project("{9A19103F-16F7-4668-BE54-9A1E7A4F7556}") = "Metotlar", "Metotlar\Metotlar.csproj", "{73B8E5AC-BBF4-4B6A-BC5B-02117257CF94}"
EndProject
Project("{9A19103F-16F7-4668-BE54-9A1E7A4F7556}") = "Matematik", "Matematik\Matematik.csproj", "{B9FADFAD-8311-4AF5-96B5-B6DFFBDE8233}"
EndProject
Project("{9A19103F-16F7-4668-BE54-9A1E7A4F7556}") = "DegerVeReferensTipler", "DegerVeReferensTipler\DegerVeReferensTipler.csproj", "{2D101B25-0AC0-4ABA-BF80-194E890B1765}"
EndProject
Project("{9A19103F-16F7-4668-BE54-9A1E7A4F7556}") = "Params", "Odev2\Params.csproj", "{D94C0A8C-44E6-46E0-AE67-3CE6E89240B4}"
EndProject
Project("{9A19103F-16F7-4668-BE54-9A1E7A4F7556}") = "ClassMetotDemo", "ClassMetotDemo\ClassMetotDemo.csproj", "{1A5AB77E-4E3F-426A-8A6C-F0E8EF07F7FF}"
EndProject
Project("{9A19103F-16F7-4668-BE54-9A1E7A4F7556}") = "OOP1", "OOP1\OOP1.csproj", "{6C33B19B-C7ED-4B71-8EF8-AD0625C8A1AA}"
EndProject
Project("{9A19103F-16F7-4668-BE54-9A1E7A4F7556}") = "Koleksiyonlar", "Koleksiyonlar\Koleksiyonlar.csproj", "{4F8B740B-FE70-401C-B0E5-3A7A8DFF9039}"
EndProject
Project("{9A19103F-16F7-4668-BE54-9A1E7A4F7556}") = "GenericsIntro", "GenericsIntro\GenericsIntro.csproj", "{BDC06A71-9B2A-469A-AD34-7130153E8C37}"
EndProject
Project("{9A19103F-16F7-4668-BE54-9A1E7A4F7556}") = "ReferenceTypes", "ReferenceTypes\ReferenceTypes.csproj", "{0E40F6B6-9485-4681-840F-497A203280EE}"
EndProject
Project("{9A19103F-16F7-4668-BE54-9A1E7A4F7556}") = "Constructors", "Constructors\Constructors.csproj", "{C3988476-FFE4-4DD8-AE40-39E26655DFC2}"
EndProject
Project("{9A19103F-16F7-4668-BE54-9A1E7A4F7556}") = "Generics", "Generics\Generics.csproj", "{8E8006E0-5622-485B-97A0-E6C1EE0C70C0}"
EndProject
Project("{FAE04EC0-301F-11D3-BF4B-00C04F79EFBC}") = "Dictionary", "Dictionary\Dictionary.csproj", "{4A0F8192-42B6-41C0-BBB7-6EF7D4021DA8}"
EndProject
Project("{FAE04EC0-301F-11D3-BF4B-00C04F79EFBC}") = "Oop2", "Oop2\Oop2.csproj", "{F9F413EA-80AB-418F-AC17-33636C4C2333}"
EndProject
Global
	GlobalSection(SolutionConfigurationPlatforms) = preSolution
		Debug|Any CPU = Debug|Any CPU
		Release|Any CPU = Release|Any CPU
	EndGlobalSection
	GlobalSection(ProjectConfigurationPlatforms) = postSolution
		{AAF5079B-F9F9-4C7E-9555-270931AAC9FF}.Debug|Any CPU.ActiveCfg = Debug|Any CPU
		{AAF5079B-F9F9-4C7E-9555-270931AAC9FF}.Debug|Any CPU.Build.0 = Debug|Any CPU
		{AAF5079B-F9F9-4C7E-9555-270931AAC9FF}.Release|Any CPU.ActiveCfg = Release|Any CPU
		{AAF5079B-F9F9-4C7E-9555-270931AAC9FF}.Release|Any CPU.Build.0 = Release|Any CPU
		{F9F721F0-4625-48C1-A6C2-EE03C607DF0A}.Debug|Any CPU.ActiveCfg = Debug|Any CPU
		{F9F721F0-4625-48C1-A6C2-EE03C607DF0A}.Debug|Any CPU.Build.0 = Debug|Any CPU
		{F9F721F0-4625-48C1-A6C2-EE03C607DF0A}.Release|Any CPU.ActiveCfg = Release|Any CPU
		{F9F721F0-4625-48C1-A6C2-EE03C607DF0A}.Release|Any CPU.Build.0 = Release|Any CPU
		{C45EBE7C-9956-4B75-AF6F-CD59EC13D373}.Debug|Any CPU.ActiveCfg = Debug|Any CPU
		{C45EBE7C-9956-4B75-AF6F-CD59EC13D373}.Debug|Any CPU.Build.0 = Debug|Any CPU
		{C45EBE7C-9956-4B75-AF6F-CD59EC13D373}.Release|Any CPU.ActiveCfg = Release|Any CPU
		{C45EBE7C-9956-4B75-AF6F-CD59EC13D373}.Release|Any CPU.Build.0 = Release|Any CPU
		{BC5464F4-57D5-49F6-8264-16DCF41E4785}.Debug|Any CPU.ActiveCfg = Debug|Any CPU
		{BC5464F4-57D5-49F6-8264-16DCF41E4785}.Debug|Any CPU.Build.0 = Debug|Any CPU
		{BC5464F4-57D5-49F6-8264-16DCF41E4785}.Release|Any CPU.ActiveCfg = Release|Any CPU
		{BC5464F4-57D5-49F6-8264-16DCF41E4785}.Release|Any CPU.Build.0 = Release|Any CPU
		{73B8E5AC-BBF4-4B6A-BC5B-02117257CF94}.Debug|Any CPU.ActiveCfg = Debug|Any CPU
		{73B8E5AC-BBF4-4B6A-BC5B-02117257CF94}.Debug|Any CPU.Build.0 = Debug|Any CPU
		{73B8E5AC-BBF4-4B6A-BC5B-02117257CF94}.Release|Any CPU.ActiveCfg = Release|Any CPU
		{73B8E5AC-BBF4-4B6A-BC5B-02117257CF94}.Release|Any CPU.Build.0 = Release|Any CPU
		{B9FADFAD-8311-4AF5-96B5-B6DFFBDE8233}.Debug|Any CPU.ActiveCfg = Debug|Any CPU
		{B9FADFAD-8311-4AF5-96B5-B6DFFBDE8233}.Debug|Any CPU.Build.0 = Debug|Any CPU
		{B9FADFAD-8311-4AF5-96B5-B6DFFBDE8233}.Release|Any CPU.ActiveCfg = Release|Any CPU
		{B9FADFAD-8311-4AF5-96B5-B6DFFBDE8233}.Release|Any CPU.Build.0 = Release|Any CPU
		{2D101B25-0AC0-4ABA-BF80-194E890B1765}.Debug|Any CPU.ActiveCfg = Debug|Any CPU
		{2D101B25-0AC0-4ABA-BF80-194E890B1765}.Debug|Any CPU.Build.0 = Debug|Any CPU
		{2D101B25-0AC0-4ABA-BF80-194E890B1765}.Release|Any CPU.ActiveCfg = Release|Any CPU
		{2D101B25-0AC0-4ABA-BF80-194E890B1765}.Release|Any CPU.Build.0 = Release|Any CPU
		{D94C0A8C-44E6-46E0-AE67-3CE6E89240B4}.Debug|Any CPU.ActiveCfg = Debug|Any CPU
		{D94C0A8C-44E6-46E0-AE67-3CE6E89240B4}.Debug|Any CPU.Build.0 = Debug|Any CPU
		{D94C0A8C-44E6-46E0-AE67-3CE6E89240B4}.Release|Any CPU.ActiveCfg = Release|Any CPU
		{D94C0A8C-44E6-46E0-AE67-3CE6E89240B4}.Release|Any CPU.Build.0 = Release|Any CPU
		{1A5AB77E-4E3F-426A-8A6C-F0E8EF07F7FF}.Debug|Any CPU.ActiveCfg = Debug|Any CPU
		{1A5AB77E-4E3F-426A-8A6C-F0E8EF07F7FF}.Debug|Any CPU.Build.0 = Debug|Any CPU
		{1A5AB77E-4E3F-426A-8A6C-F0E8EF07F7FF}.Release|Any CPU.ActiveCfg = Release|Any CPU
		{1A5AB77E-4E3F-426A-8A6C-F0E8EF07F7FF}.Release|Any CPU.Build.0 = Release|Any CPU
		{6C33B19B-C7ED-4B71-8EF8-AD0625C8A1AA}.Debug|Any CPU.ActiveCfg = Debug|Any CPU
		{6C33B19B-C7ED-4B71-8EF8-AD0625C8A1AA}.Debug|Any CPU.Build.0 = Debug|Any CPU
		{6C33B19B-C7ED-4B71-8EF8-AD0625C8A1AA}.Release|Any CPU.ActiveCfg = Release|Any CPU
		{6C33B19B-C7ED-4B71-8EF8-AD0625C8A1AA}.Release|Any CPU.Build.0 = Release|Any CPU
		{4F8B740B-FE70-401C-B0E5-3A7A8DFF9039}.Debug|Any CPU.ActiveCfg = Debug|Any CPU
		{4F8B740B-FE70-401C-B0E5-3A7A8DFF9039}.Debug|Any CPU.Build.0 = Debug|Any CPU
		{4F8B740B-FE70-401C-B0E5-3A7A8DFF9039}.Release|Any CPU.ActiveCfg = Release|Any CPU
		{4F8B740B-FE70-401C-B0E5-3A7A8DFF9039}.Release|Any CPU.Build.0 = Release|Any CPU
		{BDC06A71-9B2A-469A-AD34-7130153E8C37}.Debug|Any CPU.ActiveCfg = Debug|Any CPU
		{BDC06A71-9B2A-469A-AD34-7130153E8C37}.Debug|Any CPU.Build.0 = Debug|Any CPU
		{BDC06A71-9B2A-469A-AD34-7130153E8C37}.Release|Any CPU.ActiveCfg = Release|Any CPU
		{BDC06A71-9B2A-469A-AD34-7130153E8C37}.Release|Any CPU.Build.0 = Release|Any CPU
		{0E40F6B6-9485-4681-840F-497A203280EE}.Debug|Any CPU.ActiveCfg = Debug|Any CPU
		{0E40F6B6-9485-4681-840F-497A203280EE}.Debug|Any CPU.Build.0 = Debug|Any CPU
		{0E40F6B6-9485-4681-840F-497A203280EE}.Release|Any CPU.ActiveCfg = Release|Any CPU
		{0E40F6B6-9485-4681-840F-497A203280EE}.Release|Any CPU.Build.0 = Release|Any CPU
		{C3988476-FFE4-4DD8-AE40-39E26655DFC2}.Debug|Any CPU.ActiveCfg = Debug|Any CPU
		{C3988476-FFE4-4DD8-AE40-39E26655DFC2}.Debug|Any CPU.Build.0 = Debug|Any CPU
		{C3988476-FFE4-4DD8-AE40-39E26655DFC2}.Release|Any CPU.ActiveCfg = Release|Any CPU
		{C3988476-FFE4-4DD8-AE40-39E26655DFC2}.Release|Any CPU.Build.0 = Release|Any CPU
		{8E8006E0-5622-485B-97A0-E6C1EE0C70C0}.Debug|Any CPU.ActiveCfg = Debug|Any CPU
		{8E8006E0-5622-485B-97A0-E6C1EE0C70C0}.Debug|Any CPU.Build.0 = Debug|Any CPU
		{8E8006E0-5622-485B-97A0-E6C1EE0C70C0}.Release|Any CPU.ActiveCfg = Release|Any CPU
		{8E8006E0-5622-485B-97A0-E6C1EE0C70C0}.Release|Any CPU.Build.0 = Release|Any CPU
		{4A0F8192-42B6-41C0-BBB7-6EF7D4021DA8}.Debug|Any CPU.ActiveCfg = Debug|Any CPU
		{4A0F8192-42B6-41C0-BBB7-6EF7D4021DA8}.Debug|Any CPU.Build.0 = Debug|Any CPU
		{4A0F8192-42B6-41C0-BBB7-6EF7D4021DA8}.Release|Any CPU.ActiveCfg = Release|Any CPU
		{4A0F8192-42B6-41C0-BBB7-6EF7D4021DA8}.Release|Any CPU.Build.0 = Release|Any CPU
		{F9F413EA-80AB-418F-AC17-33636C4C2333}.Debug|Any CPU.ActiveCfg = Debug|Any CPU
		{F9F413EA-80AB-418F-AC17-33636C4C2333}.Debug|Any CPU.Build.0 = Debug|Any CPU
		{F9F413EA-80AB-418F-AC17-33636C4C2333}.Release|Any CPU.ActiveCfg = Release|Any CPU
		{F9F413EA-80AB-418F-AC17-33636C4C2333}.Release|Any CPU.Build.0 = Release|Any CPU
	EndGlobalSection
	GlobalSection(SolutionProperties) = preSolution
		HideSolutionNode = FALSE
	EndGlobalSection
	GlobalSection(ExtensibilityGlobals) = postSolution
		SolutionGuid = {02E103AC-2EF9-4935-9247-F0D162F650F2}
	EndGlobalSection
EndGlobal
